
Microsoft Visual Studio Solution File, Format Version 12.00
# Visual Studio Version 16
VisualStudioVersion = 16.0.31112.23
MinimumVisualStudioVersion = 10.0.40219.1
Project("{FAE04EC0-301F-11D3-BF4B-00C04F79EFBC}") = "Data Structures", "Data Structures.csproj", "{D46FB0EA-838D-4B44-846C-77099DB8AEB2}"
EndProject
Global
	GlobalSection(SolutionConfigurationPlatforms) = preSolution
		Debug|Any CPU = Debug|Any CPU
		Release|Any CPU = Release|Any CPU
	EndGlobalSection
	GlobalSection(ProjectConfigurationPlatforms) = postSolution
		{D46FB0EA-838D-4B44-846C-77099DB8AEB2}.Debug|Any CPU.ActiveCfg = Debug|Any CPU
		{D46FB0EA-838D-4B44-846C-77099DB8AEB2}.Debug|Any CPU.Build.0 = Debug|Any CPU
		{D46FB0EA-838D-4B44-846C-77099DB8AEB2}.Release|Any CPU.ActiveCfg = Release|Any CPU
		{D46FB0EA-838D-4B44-846C-77099DB8AEB2}.Release|Any CPU.Build.0 = Release|Any CPU
	EndGlobalSection
	GlobalSection(SolutionProperties) = preSolution
		HideSolutionNode = FALSE
	EndGlobalSection
	GlobalSection(ExtensibilityGlobals) = postSolution
		SolutionGuid = {A7FD61AF-A5D2-437C-A1CC-618F8E7B4EEE}
	EndGlobalSection
EndGlobal
